// !$*UTF8*$!
{
	archiveVersion = 1;
	classes = {
	};
	objectVersion = 46;
	objects = {
/* Begin PBXBuildFile section */
		0207DA581B56EA530066E2B4 /* Images.xcassets in Resources */ = {isa = PBXBuildFile; fileRef = 0207DA571B56EA530066E2B4 /* Images.xcassets */; };
		1D3623260D0F684500981E51 /* AppDelegate.m in Sources */ = {isa = PBXBuildFile; fileRef = 1D3623250D0F684500981E51 /* AppDelegate.m */; };
		1D60589B0D05DD56006BFB54 /* main.m in Sources */ = {isa = PBXBuildFile; fileRef = 29B97316FDCFA39411CA2CEA /* main.m */; };
		301BF552109A68D80062928A /* libCordova.a in Frameworks */ = {isa = PBXBuildFile; fileRef = 301BF535109A57CC0062928A /* libCordova.a */; };
		302D95F114D2391D003F00A1 /* MainViewController.m in Sources */ = {isa = PBXBuildFile; fileRef = 302D95EF14D2391D003F00A1 /* MainViewController.m */; };
		302D95F214D2391D003F00A1 /* MainViewController.xib in Resources */ = {isa = PBXBuildFile; fileRef = 302D95F014D2391D003F00A1 /* MainViewController.xib */; };
		3047A5121AB8059700498E2A /* build-debug.xcconfig in Resources */ = {isa = PBXBuildFile; fileRef = 3047A50F1AB8059700498E2A /* build-debug.xcconfig */; };
		3047A5131AB8059700498E2A /* build-release.xcconfig in Resources */ = {isa = PBXBuildFile; fileRef = 3047A5101AB8059700498E2A /* build-release.xcconfig */; };
		3047A5141AB8059700498E2A /* build.xcconfig in Resources */ = {isa = PBXBuildFile; fileRef = 3047A5111AB8059700498E2A /* build.xcconfig */; };
		9A5C19B17AE24A1D8C2DD7A6 /* CDVFile.m in Sources */ = {isa = PBXBuildFile; fileRef = A0B4B1F49EF54C2EB160B18B /* CDVFile.m */; };
		CA089B16DD6D42739370F972 /* CDVLocalFilesystem.m in Sources */ = {isa = PBXBuildFile; fileRef = 38ACDBB3C6F841938CBD1C43 /* CDVLocalFilesystem.m */; };
		4675649F314C480A9418349D /* CDVAssetLibraryFilesystem.m in Sources */ = {isa = PBXBuildFile; fileRef = ABDB09D505724DCF935A5FCC /* CDVAssetLibraryFilesystem.m */; };
		617AFCEEB0D74D4EA82842C9 /* CDVFileTransfer.m in Sources */ = {isa = PBXBuildFile; fileRef = ECAEB82EE4ED4CC0B2175C2B /* CDVFileTransfer.m */; };
		4F6834269BD6483F9983620C /* ZipPlugin.m in Sources */ = {isa = PBXBuildFile; fileRef = 3E28087ACF9F47089ECA53F8 /* ZipPlugin.m */; };
		4DA1DCA7AEC745DE907317C8 /* aescrypt.c in Resources */ = {isa = PBXBuildFile; fileRef = E7921C63439B4391AAEB91C0 /* aescrypt.c */; };
		054BB5A3611C4EF28BF6DDB6 /* aeskey.c in Resources */ = {isa = PBXBuildFile; fileRef = 9190BC6A4DDB4B2C8F61E350 /* aeskey.c */; };
		A31171C86A7149BABC640FE9 /* aestab.c in Resources */ = {isa = PBXBuildFile; fileRef = A4E1FC8B5F1644AABAA469FB /* aestab.c */; };
		826A7069AB46405E881FC105 /* entropy.c in Resources */ = {isa = PBXBuildFile; fileRef = 42C6127A5FE949A59DF06F9A /* entropy.c */; };
		27EA4FB108E349A5A164A0A9 /* fileenc.c in Resources */ = {isa = PBXBuildFile; fileRef = 84BB681E98E74FEDA92672B1 /* fileenc.c */; };
		6065BBC413034BDAACDEAACF /* hmac.c in Resources */ = {isa = PBXBuildFile; fileRef = 0EE547DFA7DB42908C3C5A8C /* hmac.c */; };
		A8AB29C841DA4BC2AE11857F /* prng.c in Resources */ = {isa = PBXBuildFile; fileRef = F7F0B8B3FD1C428F892AB2A5 /* prng.c */; };
		AEAA3955A2DA4766BDA1D8CD /* pwd2key.c in Resources */ = {isa = PBXBuildFile; fileRef = 18C842355F4D4C328D2C2112 /* pwd2key.c */; };
		966F6312D0864707A1691B02 /* sha1.c in Resources */ = {isa = PBXBuildFile; fileRef = 2D241FAD68E54F3BB75D6E3C /* sha1.c */; };
		31FCC0D796364C6EA3C78E7B /* SSZipArchive.m in Sources */ = {isa = PBXBuildFile; fileRef = 4DD2C1CD3338466CA8CA2A13 /* SSZipArchive.m */; };
		9AEF7B1344AD4CF097547E8D /* zip.c in Resources */ = {isa = PBXBuildFile; fileRef = 516CC232A44A4FA2A17EE0F1 /* zip.c */; };
		F60C471912BD490B8B10324D /* unzip.c in Resources */ = {isa = PBXBuildFile; fileRef = 2BB4BF7E95E94F3380119017 /* unzip.c */; };
		AB699F91574548F8B2D1ACB7 /* mztools.c in Resources */ = {isa = PBXBuildFile; fileRef = 0FF92C2D7CD641BBA20BFCD6 /* mztools.c */; };
		52594C9B63B9475EBE628BF7 /* ioapi.c in Resources */ = {isa = PBXBuildFile; fileRef = 955A560834C345CABE07DD41 /* ioapi.c */; };
		1A995C70E5004BA9BED56802 /* libz.dylib in Frameworks */ = {isa = PBXBuildFile; fileRef = 4B732B45D6F44818BC1B5A48 /* libz.dylib */; };
		4BDA67B9F5C84443A033EAC9 /* CDVNotification.m in Sources */ = {isa = PBXBuildFile; fileRef = F2EAE877ED974F8F90219D33 /* CDVNotification.m */; };
		F19702AA7C2F48588CDF0E30 /* CDVNotification.bundle in Resources */ = {isa = PBXBuildFile; fileRef = 2DD1219006184E2E8A311269 /* CDVNotification.bundle */; };
		5439CA57DFDE4C8E9EA61EF2 /* AudioToolbox.framework in Frameworks */ = {isa = PBXBuildFile; fileRef = 84981C9D55264340A3C475D5 /* AudioToolbox.framework */; settings = {ATTRIBUTES = (Weak, ); }; };
		E08C3EF213D94128A8DC5FCC /* CDVDevice.m in Sources */ = {isa = PBXBuildFile; fileRef = 9826657505AE495EB5340A40 /* CDVDevice.m */; };
		6E36781AABE0408CA4CBAD07 /* CDVWKWebViewEngine+CodePush.m in Sources */ = {isa = PBXBuildFile; fileRef = D54D02D986C14F5A8E746A4D /* CDVWKWebViewEngine+CodePush.m */; };
		269736240AAA4B9BA915F922 /* CodePush.m in Sources */ = {isa = PBXBuildFile; fileRef = AD3288E031F449C8ABEFE58B /* CodePush.m */; };
		14ECF2271D95463B95C92CFC /* CodePushPackageMetadata.m in Sources */ = {isa = PBXBuildFile; fileRef = 149CDE54025943918429D5F4 /* CodePushPackageMetadata.m */; };
		B9FBAD1C7E3446328402C3D8 /* CodePushPackageManager.m in Sources */ = {isa = PBXBuildFile; fileRef = 1FED282D4A524134A3DF7150 /* CodePushPackageManager.m */; };
		5AED01EEEA3747D3B74F5E33 /* CodePushReportingManager.m in Sources */ = {isa = PBXBuildFile; fileRef = D23675C7204F42C89A556F97 /* CodePushReportingManager.m */; };
		2062B3E988ED4EA4A567F07E /* InstallOptions.m in Sources */ = {isa = PBXBuildFile; fileRef = 32615A642B5243F491937344 /* InstallOptions.m */; };
		3A9AF300ED104906A05065BF /* StatusReport.m in Sources */ = {isa = PBXBuildFile; fileRef = 306C8DE94D8448AC80932953 /* StatusReport.m */; };
		86767AF3FE2F46F6B4CF7656 /* UpdateHashUtils.m in Sources */ = {isa = PBXBuildFile; fileRef = D5EA472B0824410C8A147B59 /* UpdateHashUtils.m */; };
		3025E242426F45C396773A22 /* Utilities.m in Sources */ = {isa = PBXBuildFile; fileRef = D8C9CD3F3CB24C03BDDFB8E2 /* Utilities.m */; };
/* End PBXBuildFile section */

/* Begin PBXContainerItemProxy section */
		301BF534109A57CC0062928A /* PBXContainerItemProxy */ = {
			isa = PBXContainerItemProxy;
			containerPortal = 301BF52D109A57CC0062928A /* CordovaLib.xcodeproj */;
			proxyType = 2;
			remoteGlobalIDString = D2AAC07E0554694100DB518D;
			remoteInfo = CordovaLib;
		};
		301BF550109A68C00062928A /* PBXContainerItemProxy */ = {
			isa = PBXContainerItemProxy;
			containerPortal = 301BF52D109A57CC0062928A /* CordovaLib.xcodeproj */;
			proxyType = 1;
			remoteGlobalIDString = D2AAC07D0554694100DB518D;
			remoteInfo = CordovaLib;
		};
/* End PBXContainerItemProxy section */

/* Begin PBXFileReference section */
		0207DA571B56EA530066E2B4 /* Images.xcassets */ = {isa = PBXFileReference; lastKnownFileType = folder.assetcatalog; name = Images.xcassets; path = "CodePushTest/Images.xcassets"; sourceTree = SOURCE_ROOT; };
		1D3623240D0F684500981E51 /* AppDelegate.h */ = {isa = PBXFileReference; fileEncoding = 4; lastKnownFileType = sourcecode.c.h; path = AppDelegate.h; sourceTree = "<group>"; };
		1D3623250D0F684500981E51 /* AppDelegate.m */ = {isa = PBXFileReference; fileEncoding = 4; lastKnownFileType = sourcecode.c.objc; path = AppDelegate.m; sourceTree = "<group>"; };
		1D6058910D05DD3D006BFB54 /* CodePushTest.app */ = {isa = PBXFileReference; explicitFileType = wrapper.application; includeInIndex = 0; path = "CodePushTest.app"; sourceTree = BUILT_PRODUCTS_DIR; };
		29B97316FDCFA39411CA2CEA /* main.m */ = {isa = PBXFileReference; fileEncoding = 4; lastKnownFileType = sourcecode.c.objc; path = main.m; sourceTree = "<group>"; };
		301BF52D109A57CC0062928A /* CordovaLib.xcodeproj */ = {isa = PBXFileReference; lastKnownFileType = "wrapper.pb-project"; name = CordovaLib.xcodeproj; path = CordovaLib/CordovaLib.xcodeproj; sourceTree = "<group>"; };
		301BF56E109A69640062928A /* www */ = {isa = PBXFileReference; lastKnownFileType = folder; path = www; sourceTree = SOURCE_ROOT; };
		302D95EE14D2391D003F00A1 /* MainViewController.h */ = {isa = PBXFileReference; fileEncoding = 4; lastKnownFileType = sourcecode.c.h; path = MainViewController.h; sourceTree = "<group>"; };
		302D95EF14D2391D003F00A1 /* MainViewController.m */ = {isa = PBXFileReference; fileEncoding = 4; lastKnownFileType = sourcecode.c.objc; path = MainViewController.m; sourceTree = "<group>"; };
		302D95F014D2391D003F00A1 /* MainViewController.xib */ = {isa = PBXFileReference; fileEncoding = 4; lastKnownFileType = file.xib; path = MainViewController.xib; sourceTree = "<group>"; };
		3047A50F1AB8059700498E2A /* build-debug.xcconfig */ = {isa = PBXFileReference; fileEncoding = 4; lastKnownFileType = text.xcconfig; name = "build-debug.xcconfig"; path = cordova/build-debug.xcconfig; sourceTree = SOURCE_ROOT; };
		3047A5101AB8059700498E2A /* build-release.xcconfig */ = {isa = PBXFileReference; fileEncoding = 4; lastKnownFileType = text.xcconfig; name = "build-release.xcconfig"; path = cordova/build-release.xcconfig; sourceTree = SOURCE_ROOT; };
		3047A5111AB8059700498E2A /* build.xcconfig */ = {isa = PBXFileReference; fileEncoding = 4; lastKnownFileType = text.xcconfig; name = build.xcconfig; path = cordova/build.xcconfig; sourceTree = SOURCE_ROOT; };
		32CA4F630368D1EE00C91783 /* CodePushTest-Prefix.pch */ = {isa = PBXFileReference; fileEncoding = 4; lastKnownFileType = sourcecode.c.h; path = "CodePushTest-Prefix.pch"; sourceTree = "<group>"; };
		8D1107310486CEB800E47090 /* CodePushTest-Info.plist */ = {isa = PBXFileReference; fileEncoding = 4; lastKnownFileType = text.plist.xml; name = "CodePushTest-Info.plist"; path = "CodePushTest/CodePushTest-Info.plist"; plistStructureDefinitionIdentifier = "com.apple.xcode.plist.structure-definition.iphone.info-plist"; sourceTree = SOURCE_ROOT; };
		EB87FDF31871DA8E0020F90C /* www */ = {isa = PBXFileReference; lastKnownFileType = folder; name = www; path = ../../www; sourceTree = "<group>"; };
		EB87FDF41871DAF40020F90C /* config.xml */ = {isa = PBXFileReference; lastKnownFileType = text.xml; name = config.xml; path = ../../config.xml; sourceTree = "<group>"; };
		F840E1F0165FE0F500CFE078 /* config.xml */ = {isa = PBXFileReference; lastKnownFileType = text.xml; name = config.xml; path = "CodePushTest/config.xml"; sourceTree = "<group>"; };
		ED33DF2A687741AEAF9F8254 /* Bridging-Header.h */ = {isa = PBXFileReference; fileEncoding = 4; lastKnownFileType = sourcecode.c.h; name = "Bridging-Header.h"; path = "Bridging-Header.h"; sourceTree = "<group>"; };
		A0B4B1F49EF54C2EB160B18B /* CDVFile.m */ = {isa = PBXFileReference; name = "CDVFile.m"; path = "cordova-plugin-file/CDVFile.m"; sourceTree = "<group>"; fileEncoding = 4; lastKnownFileType = sourcecode.c.objc; explicitFileType = undefined; includeInIndex = 0; };
		38ACDBB3C6F841938CBD1C43 /* CDVLocalFilesystem.m */ = {isa = PBXFileReference; name = "CDVLocalFilesystem.m"; path = "cordova-plugin-file/CDVLocalFilesystem.m"; sourceTree = "<group>"; fileEncoding = 4; lastKnownFileType = sourcecode.c.objc; explicitFileType = undefined; includeInIndex = 0; };
		ABDB09D505724DCF935A5FCC /* CDVAssetLibraryFilesystem.m */ = {isa = PBXFileReference; name = "CDVAssetLibraryFilesystem.m"; path = "cordova-plugin-file/CDVAssetLibraryFilesystem.m"; sourceTree = "<group>"; fileEncoding = 4; lastKnownFileType = sourcecode.c.objc; explicitFileType = undefined; includeInIndex = 0; };
		FFD68A1CA049443ABBB5CEB7 /* CDVFile.h */ = {isa = PBXFileReference; name = "CDVFile.h"; path = "cordova-plugin-file/CDVFile.h"; sourceTree = "<group>"; fileEncoding = 4; lastKnownFileType = sourcecode.c.h; explicitFileType = undefined; includeInIndex = 0; };
		28FD87EE2DAB45D49211F49B /* CDVLocalFilesystem.h */ = {isa = PBXFileReference; name = "CDVLocalFilesystem.h"; path = "cordova-plugin-file/CDVLocalFilesystem.h"; sourceTree = "<group>"; fileEncoding = 4; lastKnownFileType = sourcecode.c.h; explicitFileType = undefined; includeInIndex = 0; };
		3AFF356F24554A0DBAF087FA /* CDVAssetLibraryFilesystem.h */ = {isa = PBXFileReference; name = "CDVAssetLibraryFilesystem.h"; path = "cordova-plugin-file/CDVAssetLibraryFilesystem.h"; sourceTree = "<group>"; fileEncoding = 4; lastKnownFileType = sourcecode.c.h; explicitFileType = undefined; includeInIndex = 0; };
		ECAEB82EE4ED4CC0B2175C2B /* CDVFileTransfer.m */ = {isa = PBXFileReference; name = "CDVFileTransfer.m"; path = "cordova-plugin-file-transfer/CDVFileTransfer.m"; sourceTree = "<group>"; fileEncoding = 4; lastKnownFileType = sourcecode.c.objc; explicitFileType = undefined; includeInIndex = 0; };
		5F09EA433EAB427B8155F45A /* CDVFileTransfer.h */ = {isa = PBXFileReference; name = "CDVFileTransfer.h"; path = "cordova-plugin-file-transfer/CDVFileTransfer.h"; sourceTree = "<group>"; fileEncoding = 4; lastKnownFileType = sourcecode.c.h; explicitFileType = undefined; includeInIndex = 0; };
		3E28087ACF9F47089ECA53F8 /* ZipPlugin.m */ = {isa = PBXFileReference; name = "ZipPlugin.m"; path = "cordova-plugin-zip/ZipPlugin.m"; sourceTree = "<group>"; fileEncoding = 4; lastKnownFileType = sourcecode.c.objc; explicitFileType = undefined; includeInIndex = 0; };
		E7921C63439B4391AAEB91C0 /* aescrypt.c */ = {isa = PBXFileReference; name = "aescrypt.c"; path = "cordova-plugin-zip/Plugins/aes/aescrypt.c"; sourceTree = "<group>"; fileEncoding = undefined; lastKnownFileType = unknown; explicitFileType = undefined; includeInIndex = 0; };
		9190BC6A4DDB4B2C8F61E350 /* aeskey.c */ = {isa = PBXFileReference; name = "aeskey.c"; path = "cordova-plugin-zip/Plugins/aes/aeskey.c"; sourceTree = "<group>"; fileEncoding = undefined; lastKnownFileType = unknown; explicitFileType = undefined; includeInIndex = 0; };
		A4E1FC8B5F1644AABAA469FB /* aestab.c */ = {isa = PBXFileReference; name = "aestab.c"; path = "cordova-plugin-zip/Plugins/aes/aestab.c"; sourceTree = "<group>"; fileEncoding = undefined; lastKnownFileType = unknown; explicitFileType = undefined; includeInIndex = 0; };
		42C6127A5FE949A59DF06F9A /* entropy.c */ = {isa = PBXFileReference; name = "entropy.c"; path = "cordova-plugin-zip/Plugins/aes/entropy.c"; sourceTree = "<group>"; fileEncoding = undefined; lastKnownFileType = unknown; explicitFileType = undefined; includeInIndex = 0; };
		84BB681E98E74FEDA92672B1 /* fileenc.c */ = {isa = PBXFileReference; name = "fileenc.c"; path = "cordova-plugin-zip/Plugins/aes/fileenc.c"; sourceTree = "<group>"; fileEncoding = undefined; lastKnownFileType = unknown; explicitFileType = undefined; includeInIndex = 0; };
		0EE547DFA7DB42908C3C5A8C /* hmac.c */ = {isa = PBXFileReference; name = "hmac.c"; path = "cordova-plugin-zip/Plugins/aes/hmac.c"; sourceTree = "<group>"; fileEncoding = undefined; lastKnownFileType = unknown; explicitFileType = undefined; includeInIndex = 0; };
		F7F0B8B3FD1C428F892AB2A5 /* prng.c */ = {isa = PBXFileReference; name = "prng.c"; path = "cordova-plugin-zip/Plugins/aes/prng.c"; sourceTree = "<group>"; fileEncoding = undefined; lastKnownFileType = unknown; explicitFileType = undefined; includeInIndex = 0; };
		18C842355F4D4C328D2C2112 /* pwd2key.c */ = {isa = PBXFileReference; name = "pwd2key.c"; path = "cordova-plugin-zip/Plugins/aes/pwd2key.c"; sourceTree = "<group>"; fileEncoding = undefined; lastKnownFileType = unknown; explicitFileType = undefined; includeInIndex = 0; };
		2D241FAD68E54F3BB75D6E3C /* sha1.c */ = {isa = PBXFileReference; name = "sha1.c"; path = "cordova-plugin-zip/Plugins/aes/sha1.c"; sourceTree = "<group>"; fileEncoding = undefined; lastKnownFileType = unknown; explicitFileType = undefined; includeInIndex = 0; };
		4DD2C1CD3338466CA8CA2A13 /* SSZipArchive.m */ = {isa = PBXFileReference; name = "SSZipArchive.m"; path = "cordova-plugin-zip/Plugins/minizip/SSZipArchive.m"; sourceTree = "<group>"; fileEncoding = 4; lastKnownFileType = sourcecode.c.objc; explicitFileType = undefined; includeInIndex = 0; };
		516CC232A44A4FA2A17EE0F1 /* zip.c */ = {isa = PBXFileReference; name = "zip.c"; path = "cordova-plugin-zip/Plugins/minizip/zip.c"; sourceTree = "<group>"; fileEncoding = undefined; lastKnownFileType = unknown; explicitFileType = undefined; includeInIndex = 0; };
		2BB4BF7E95E94F3380119017 /* unzip.c */ = {isa = PBXFileReference; name = "unzip.c"; path = "cordova-plugin-zip/Plugins/minizip/unzip.c"; sourceTree = "<group>"; fileEncoding = undefined; lastKnownFileType = unknown; explicitFileType = undefined; includeInIndex = 0; };
		0FF92C2D7CD641BBA20BFCD6 /* mztools.c */ = {isa = PBXFileReference; name = "mztools.c"; path = "cordova-plugin-zip/Plugins/minizip/mztools.c"; sourceTree = "<group>"; fileEncoding = undefined; lastKnownFileType = unknown; explicitFileType = undefined; includeInIndex = 0; };
		955A560834C345CABE07DD41 /* ioapi.c */ = {isa = PBXFileReference; name = "ioapi.c"; path = "cordova-plugin-zip/Plugins/minizip/ioapi.c"; sourceTree = "<group>"; fileEncoding = undefined; lastKnownFileType = unknown; explicitFileType = undefined; includeInIndex = 0; };
		F2895620E36C496E8DA00380 /* ZipPlugin.h */ = {isa = PBXFileReference; name = "ZipPlugin.h"; path = "cordova-plugin-zip/ZipPlugin.h"; sourceTree = "<group>"; fileEncoding = 4; lastKnownFileType = sourcecode.c.h; explicitFileType = undefined; includeInIndex = 0; };
		179B293265234DE89E2F1F25 /* Common.h */ = {isa = PBXFileReference; name = "Common.h"; path = "cordova-plugin-zip/Common.h"; sourceTree = "<group>"; fileEncoding = 4; lastKnownFileType = sourcecode.c.h; explicitFileType = undefined; includeInIndex = 0; };
		7356C26F6D64436C88C5EE56 /* aes.h */ = {isa = PBXFileReference; name = "aes.h"; path = "cordova-plugin-zip/Plugins/aes/aes.h"; sourceTree = "<group>"; fileEncoding = 4; lastKnownFileType = sourcecode.c.h; explicitFileType = undefined; includeInIndex = 0; };
		C0EDBD7E48A0422D81EB8531 /* aes_via_ace.h */ = {isa = PBXFileReference; name = "aes_via_ace.h"; path = "cordova-plugin-zip/Plugins/aes/aes_via_ace.h"; sourceTree = "<group>"; fileEncoding = 4; lastKnownFileType = sourcecode.c.h; explicitFileType = undefined; includeInIndex = 0; };
		7DC9B439417B4A4A880E89B8 /* aesopt.h */ = {isa = PBXFileReference; name = "aesopt.h"; path = "cordova-plugin-zip/Plugins/aes/aesopt.h"; sourceTree = "<group>"; fileEncoding = 4; lastKnownFileType = sourcecode.c.h; explicitFileType = undefined; includeInIndex = 0; };
		AD409D94043844259D48EAAE /* aestab.h */ = {isa = PBXFileReference; name = "aestab.h"; path = "cordova-plugin-zip/Plugins/aes/aestab.h"; sourceTree = "<group>"; fileEncoding = 4; lastKnownFileType = sourcecode.c.h; explicitFileType = undefined; includeInIndex = 0; };
		A855A97C3CFF445DA0ABDE7A /* brg_endian.h */ = {isa = PBXFileReference; name = "brg_endian.h"; path = "cordova-plugin-zip/Plugins/aes/brg_endian.h"; sourceTree = "<group>"; fileEncoding = 4; lastKnownFileType = sourcecode.c.h; explicitFileType = undefined; includeInIndex = 0; };
		0E0F85A58180439AB7D0A76D /* brg_types.h */ = {isa = PBXFileReference; name = "brg_types.h"; path = "cordova-plugin-zip/Plugins/aes/brg_types.h"; sourceTree = "<group>"; fileEncoding = 4; lastKnownFileType = sourcecode.c.h; explicitFileType = undefined; includeInIndex = 0; };
		2E9381396DA54391B93A0EC9 /* entropy.h */ = {isa = PBXFileReference; name = "entropy.h"; path = "cordova-plugin-zip/Plugins/aes/entropy.h"; sourceTree = "<group>"; fileEncoding = 4; lastKnownFileType = sourcecode.c.h; explicitFileType = undefined; includeInIndex = 0; };
		4DD26414FDF5488C98505DEB /* fileenc.h */ = {isa = PBXFileReference; name = "fileenc.h"; path = "cordova-plugin-zip/Plugins/aes/fileenc.h"; sourceTree = "<group>"; fileEncoding = 4; lastKnownFileType = sourcecode.c.h; explicitFileType = undefined; includeInIndex = 0; };
		7501D63B6ED5417FBE4D9E6C /* hmac.h */ = {isa = PBXFileReference; name = "hmac.h"; path = "cordova-plugin-zip/Plugins/aes/hmac.h"; sourceTree = "<group>"; fileEncoding = 4; lastKnownFileType = sourcecode.c.h; explicitFileType = undefined; includeInIndex = 0; };
		E44E5989A16C43F087430BD1 /* prng.h */ = {isa = PBXFileReference; name = "prng.h"; path = "cordova-plugin-zip/Plugins/aes/prng.h"; sourceTree = "<group>"; fileEncoding = 4; lastKnownFileType = sourcecode.c.h; explicitFileType = undefined; includeInIndex = 0; };
		BB2079A79BB1487BBF64F939 /* pwd2key.h */ = {isa = PBXFileReference; name = "pwd2key.h"; path = "cordova-plugin-zip/Plugins/aes/pwd2key.h"; sourceTree = "<group>"; fileEncoding = 4; lastKnownFileType = sourcecode.c.h; explicitFileType = undefined; includeInIndex = 0; };
		3D13B64E144947A99BF8EE18 /* sha1.h */ = {isa = PBXFileReference; name = "sha1.h"; path = "cordova-plugin-zip/Plugins/aes/sha1.h"; sourceTree = "<group>"; fileEncoding = 4; lastKnownFileType = sourcecode.c.h; explicitFileType = undefined; includeInIndex = 0; };
		1D9126E3598F4AC08C0DAEF9 /* SSZipArchive.h */ = {isa = PBXFileReference; name = "SSZipArchive.h"; path = "cordova-plugin-zip/Plugins/minizip/SSZipArchive.h"; sourceTree = "<group>"; fileEncoding = 4; lastKnownFileType = sourcecode.c.h; explicitFileType = undefined; includeInIndex = 0; };
		3A89F68C1E4D41F9AECD87FC /* zip.h */ = {isa = PBXFileReference; name = "zip.h"; path = "cordova-plugin-zip/Plugins/minizip/zip.h"; sourceTree = "<group>"; fileEncoding = 4; lastKnownFileType = sourcecode.c.h; explicitFileType = undefined; includeInIndex = 0; };
		E730C9F145D64904973872B2 /* unzip.h */ = {isa = PBXFileReference; name = "unzip.h"; path = "cordova-plugin-zip/Plugins/minizip/unzip.h"; sourceTree = "<group>"; fileEncoding = 4; lastKnownFileType = sourcecode.c.h; explicitFileType = undefined; includeInIndex = 0; };
		A6B6F0CFEC324D9FA77D856A /* mztools.h */ = {isa = PBXFileReference; name = "mztools.h"; path = "cordova-plugin-zip/Plugins/minizip/mztools.h"; sourceTree = "<group>"; fileEncoding = 4; lastKnownFileType = sourcecode.c.h; explicitFileType = undefined; includeInIndex = 0; };
		D8DA0956CBA14EA49BEB0253 /* ioapi.h */ = {isa = PBXFileReference; name = "ioapi.h"; path = "cordova-plugin-zip/Plugins/minizip/ioapi.h"; sourceTree = "<group>"; fileEncoding = 4; lastKnownFileType = sourcecode.c.h; explicitFileType = undefined; includeInIndex = 0; };
		29A8E5D8F69C44E7BD55252D /* crypt.h */ = {isa = PBXFileReference; name = "crypt.h"; path = "cordova-plugin-zip/Plugins/minizip/crypt.h"; sourceTree = "<group>"; fileEncoding = 4; lastKnownFileType = sourcecode.c.h; explicitFileType = undefined; includeInIndex = 0; };
		4B732B45D6F44818BC1B5A48 /* libz.dylib */ = {isa = PBXFileReference; name = "libz.dylib"; path = "usr/lib/libz.dylib"; sourceTree = SDKROOT; fileEncoding = undefined; lastKnownFileType = compiled.mach-o.dylib; explicitFileType = undefined; includeInIndex = 0; };
		F2EAE877ED974F8F90219D33 /* CDVNotification.m */ = {isa = PBXFileReference; name = "CDVNotification.m"; path = "cordova-plugin-dialogs/CDVNotification.m"; sourceTree = "<group>"; fileEncoding = 4; lastKnownFileType = sourcecode.c.objc; explicitFileType = undefined; includeInIndex = 0; };
		98E517BB0F004BA4A55655F2 /* CDVNotification.h */ = {isa = PBXFileReference; name = "CDVNotification.h"; path = "cordova-plugin-dialogs/CDVNotification.h"; sourceTree = "<group>"; fileEncoding = 4; lastKnownFileType = sourcecode.c.h; explicitFileType = undefined; includeInIndex = 0; };
		2DD1219006184E2E8A311269 /* CDVNotification.bundle */ = {isa = PBXFileReference; name = "CDVNotification.bundle"; path = "CDVNotification.bundle"; sourceTree = "<group>"; fileEncoding = undefined; lastKnownFileType = wrapper.plug-in; explicitFileType = undefined; includeInIndex = 0; };
		84981C9D55264340A3C475D5 /* AudioToolbox.framework */ = {isa = PBXFileReference; name = "AudioToolbox.framework"; path = "System/Library/Frameworks/AudioToolbox.framework"; sourceTree = SDKROOT; fileEncoding = undefined; lastKnownFileType = wrapper.framework; explicitFileType = undefined; includeInIndex = 0; };
		9826657505AE495EB5340A40 /* CDVDevice.m */ = {isa = PBXFileReference; name = "CDVDevice.m"; path = "cordova-plugin-device/CDVDevice.m"; sourceTree = "<group>"; fileEncoding = 4; lastKnownFileType = sourcecode.c.objc; explicitFileType = undefined; includeInIndex = 0; };
		34BEC4BC50904181B8886269 /* CDVDevice.h */ = {isa = PBXFileReference; name = "CDVDevice.h"; path = "cordova-plugin-device/CDVDevice.h"; sourceTree = "<group>"; fileEncoding = 4; lastKnownFileType = sourcecode.c.h; explicitFileType = undefined; includeInIndex = 0; };
		D54D02D986C14F5A8E746A4D /* CDVWKWebViewEngine+CodePush.m */ = {isa = PBXFileReference; name = "CDVWKWebViewEngine+CodePush.m"; path = "cordova-plugin-code-push/CDVWKWebViewEngine+CodePush.m"; sourceTree = "<group>"; fileEncoding = 4; lastKnownFileType = sourcecode.c.objc; explicitFileType = undefined; includeInIndex = 0; };
		AD3288E031F449C8ABEFE58B /* CodePush.m */ = {isa = PBXFileReference; name = "CodePush.m"; path = "cordova-plugin-code-push/CodePush.m"; sourceTree = "<group>"; fileEncoding = 4; lastKnownFileType = sourcecode.c.objc; explicitFileType = undefined; includeInIndex = 0; };
		149CDE54025943918429D5F4 /* CodePushPackageMetadata.m */ = {isa = PBXFileReference; name = "CodePushPackageMetadata.m"; path = "cordova-plugin-code-push/CodePushPackageMetadata.m"; sourceTree = "<group>"; fileEncoding = 4; lastKnownFileType = sourcecode.c.objc; explicitFileType = undefined; includeInIndex = 0; };
		1FED282D4A524134A3DF7150 /* CodePushPackageManager.m */ = {isa = PBXFileReference; name = "CodePushPackageManager.m"; path = "cordova-plugin-code-push/CodePushPackageManager.m"; sourceTree = "<group>"; fileEncoding = 4; lastKnownFileType = sourcecode.c.objc; explicitFileType = undefined; includeInIndex = 0; };
		D23675C7204F42C89A556F97 /* CodePushReportingManager.m */ = {isa = PBXFileReference; name = "CodePushReportingManager.m"; path = "cordova-plugin-code-push/CodePushReportingManager.m"; sourceTree = "<group>"; fileEncoding = 4; lastKnownFileType = sourcecode.c.objc; explicitFileType = undefined; includeInIndex = 0; };
		32615A642B5243F491937344 /* InstallOptions.m */ = {isa = PBXFileReference; name = "InstallOptions.m"; path = "cordova-plugin-code-push/InstallOptions.m"; sourceTree = "<group>"; fileEncoding = 4; lastKnownFileType = sourcecode.c.objc; explicitFileType = undefined; includeInIndex = 0; };
		306C8DE94D8448AC80932953 /* StatusReport.m */ = {isa = PBXFileReference; name = "StatusReport.m"; path = "cordova-plugin-code-push/StatusReport.m"; sourceTree = "<group>"; fileEncoding = 4; lastKnownFileType = sourcecode.c.objc; explicitFileType = undefined; includeInIndex = 0; };
		D5EA472B0824410C8A147B59 /* UpdateHashUtils.m */ = {isa = PBXFileReference; name = "UpdateHashUtils.m"; path = "cordova-plugin-code-push/UpdateHashUtils.m"; sourceTree = "<group>"; fileEncoding = 4; lastKnownFileType = sourcecode.c.objc; explicitFileType = undefined; includeInIndex = 0; };
		D8C9CD3F3CB24C03BDDFB8E2 /* Utilities.m */ = {isa = PBXFileReference; name = "Utilities.m"; path = "cordova-plugin-code-push/Utilities.m"; sourceTree = "<group>"; fileEncoding = 4; lastKnownFileType = sourcecode.c.objc; explicitFileType = undefined; includeInIndex = 0; };
		DD7D3F98E89144689E5CA171 /* CodePush.h */ = {isa = PBXFileReference; name = "CodePush.h"; path = "cordova-plugin-code-push/CodePush.h"; sourceTree = "<group>"; fileEncoding = 4; lastKnownFileType = sourcecode.c.h; explicitFileType = undefined; includeInIndex = 0; };
		D28207405A794C28A57D27C9 /* CodePushPackageMetadata.h */ = {isa = PBXFileReference; name = "CodePushPackageMetadata.h"; path = "cordova-plugin-code-push/CodePushPackageMetadata.h"; sourceTree = "<group>"; fileEncoding = 4; lastKnownFileType = sourcecode.c.h; explicitFileType = undefined; includeInIndex = 0; };
		DCA804BB7C67427B818894AA /* CodePushPackageManager.h */ = {isa = PBXFileReference; name = "CodePushPackageManager.h"; path = "cordova-plugin-code-push/CodePushPackageManager.h"; sourceTree = "<group>"; fileEncoding = 4; lastKnownFileType = sourcecode.c.h; explicitFileType = undefined; includeInIndex = 0; };
		7B4D21EB67C04CBFA3B0148E /* CodePushReportingManager.h */ = {isa = PBXFileReference; name = "CodePushReportingManager.h"; path = "cordova-plugin-code-push/CodePushReportingManager.h"; sourceTree = "<group>"; fileEncoding = 4; lastKnownFileType = sourcecode.c.h; explicitFileType = undefined; includeInIndex = 0; };
		4CC64E1A117B4800872BBAE4 /* InstallOptions.h */ = {isa = PBXFileReference; name = "InstallOptions.h"; path = "cordova-plugin-code-push/InstallOptions.h"; sourceTree = "<group>"; fileEncoding = 4; lastKnownFileType = sourcecode.c.h; explicitFileType = undefined; includeInIndex = 0; };
		8F11336414A34B438A3BF65D /* InstallMode.h */ = {isa = PBXFileReference; name = "InstallMode.h"; path = "cordova-plugin-code-push/InstallMode.h"; sourceTree = "<group>"; fileEncoding = 4; lastKnownFileType = sourcecode.c.h; explicitFileType = undefined; includeInIndex = 0; };
		9686A6B3C670486D98E21589 /* StatusReport.h */ = {isa = PBXFileReference; name = "StatusReport.h"; path = "cordova-plugin-code-push/StatusReport.h"; sourceTree = "<group>"; fileEncoding = 4; lastKnownFileType = sourcecode.c.h; explicitFileType = undefined; includeInIndex = 0; };
		261936B86B234D5EB9A3E0DE /* UpdateHashUtils.h */ = {isa = PBXFileReference; name = "UpdateHashUtils.h"; path = "cordova-plugin-code-push/UpdateHashUtils.h"; sourceTree = "<group>"; fileEncoding = 4; lastKnownFileType = sourcecode.c.h; explicitFileType = undefined; includeInIndex = 0; };
		DA8E4AF6EE7E4587B31E0D2E /* Utilities.h */ = {isa = PBXFileReference; name = "Utilities.h"; path = "cordova-plugin-code-push/Utilities.h"; sourceTree = "<group>"; fileEncoding = 4; lastKnownFileType = sourcecode.c.h; explicitFileType = undefined; includeInIndex = 0; };
/* End PBXFileReference section */

/* Begin PBXFrameworksBuildPhase section */
		1D60588F0D05DD3D006BFB54 /* Frameworks */ = {
			isa = PBXFrameworksBuildPhase;
			buildActionMask = 2147483647;
			files = (
				301BF552109A68D80062928A /* libCordova.a in Frameworks */,
				1A995C70E5004BA9BED56802 /* libz.dylib in Frameworks */,
				5439CA57DFDE4C8E9EA61EF2 /* AudioToolbox.framework in Frameworks */,
			);
			runOnlyForDeploymentPostprocessing = 0;
		};
/* End PBXFrameworksBuildPhase section */

/* Begin PBXGroup section */
		080E96DDFE201D6D7F000001 /* Classes */ = {
			isa = PBXGroup;
			children = (
				302D95EE14D2391D003F00A1 /* MainViewController.h */,
				302D95EF14D2391D003F00A1 /* MainViewController.m */,
				302D95F014D2391D003F00A1 /* MainViewController.xib */,
				1D3623240D0F684500981E51 /* AppDelegate.h */,
				1D3623250D0F684500981E51 /* AppDelegate.m */,
			);
			name = Classes;
			path = "CodePushTest/Classes";
			sourceTree = SOURCE_ROOT;
		};
		19C28FACFE9D520D11CA2CBB /* Products */ = {
			isa = PBXGroup;
			children = (
				1D6058910D05DD3D006BFB54 /* CodePushTest.app */,
			);
			name = Products;
			sourceTree = "<group>";
		};
		29B97314FDCFA39411CA2CEA /* CustomTemplate */ = {
			isa = PBXGroup;
			children = (
				EB87FDF41871DAF40020F90C /* config.xml */,
				EB87FDF31871DA8E0020F90C /* www */,
				EB87FDF11871DA420020F90C /* Staging */,
				301BF52D109A57CC0062928A /* CordovaLib.xcodeproj */,
				080E96DDFE201D6D7F000001 /* Classes */,
				307C750510C5A3420062BCA9 /* Plugins */,
				29B97315FDCFA39411CA2CEA /* Other Sources */,
				29B97317FDCFA39411CA2CEA /* Resources */,
				29B97323FDCFA39411CA2CEA /* Frameworks */,
				19C28FACFE9D520D11CA2CBB /* Products */,
			);
			name = CustomTemplate;
			sourceTree = "<group>";
		};
		29B97315FDCFA39411CA2CEA /* Other Sources */ = {
			isa = PBXGroup;
			children = (
				32CA4F630368D1EE00C91783 /* CodePushTest-Prefix.pch */,
				29B97316FDCFA39411CA2CEA /* main.m */,
				ED33DF2A687741AEAF9F8254 /* Bridging-Header.h */,
			);
			name = "Other Sources";
			path = "CodePushTest";
			sourceTree = "<group>";
		};
		29B97317FDCFA39411CA2CEA /* Resources */ = {
			isa = PBXGroup;
			children = (
				0207DA571B56EA530066E2B4 /* Images.xcassets */,
				3047A50E1AB8057F00498E2A /* config */,
				8D1107310486CEB800E47090 /* CodePushTest-Info.plist */,
				2DD1219006184E2E8A311269 /* CDVNotification.bundle */,
			);
			name = Resources;
			path = "CodePushTest/Resources";
			sourceTree = "<group>";
		};
		29B97323FDCFA39411CA2CEA /* Frameworks */ = {
			isa = PBXGroup;
			children = (
				4B732B45D6F44818BC1B5A48 /* libz.dylib */,
				84981C9D55264340A3C475D5 /* AudioToolbox.framework */,
			);
			name = Frameworks;
			sourceTree = "<group>";
		};
		301BF52E109A57CC0062928A /* Products */ = {
			isa = PBXGroup;
			children = (
				301BF535109A57CC0062928A /* libCordova.a */,
			);
			name = Products;
			sourceTree = "<group>";
		};
		3047A50E1AB8057F00498E2A /* config */ = {
			isa = PBXGroup;
			children = (
				3047A50F1AB8059700498E2A /* build-debug.xcconfig */,
				3047A5101AB8059700498E2A /* build-release.xcconfig */,
				3047A5111AB8059700498E2A /* build.xcconfig */,
			);
			name = config;
			sourceTree = "<group>";
		};
		307C750510C5A3420062BCA9 /* Plugins */ = {
			isa = PBXGroup;
			children = (
				A0B4B1F49EF54C2EB160B18B /* CDVFile.m */,
				38ACDBB3C6F841938CBD1C43 /* CDVLocalFilesystem.m */,
				ABDB09D505724DCF935A5FCC /* CDVAssetLibraryFilesystem.m */,
				FFD68A1CA049443ABBB5CEB7 /* CDVFile.h */,
				28FD87EE2DAB45D49211F49B /* CDVLocalFilesystem.h */,
				3AFF356F24554A0DBAF087FA /* CDVAssetLibraryFilesystem.h */,
				ECAEB82EE4ED4CC0B2175C2B /* CDVFileTransfer.m */,
				5F09EA433EAB427B8155F45A /* CDVFileTransfer.h */,
				3E28087ACF9F47089ECA53F8 /* ZipPlugin.m */,
				E7921C63439B4391AAEB91C0 /* aescrypt.c */,
				9190BC6A4DDB4B2C8F61E350 /* aeskey.c */,
				A4E1FC8B5F1644AABAA469FB /* aestab.c */,
				42C6127A5FE949A59DF06F9A /* entropy.c */,
				84BB681E98E74FEDA92672B1 /* fileenc.c */,
				0EE547DFA7DB42908C3C5A8C /* hmac.c */,
				F7F0B8B3FD1C428F892AB2A5 /* prng.c */,
				18C842355F4D4C328D2C2112 /* pwd2key.c */,
				2D241FAD68E54F3BB75D6E3C /* sha1.c */,
				4DD2C1CD3338466CA8CA2A13 /* SSZipArchive.m */,
				516CC232A44A4FA2A17EE0F1 /* zip.c */,
				2BB4BF7E95E94F3380119017 /* unzip.c */,
				0FF92C2D7CD641BBA20BFCD6 /* mztools.c */,
				955A560834C345CABE07DD41 /* ioapi.c */,
				F2895620E36C496E8DA00380 /* ZipPlugin.h */,
				179B293265234DE89E2F1F25 /* Common.h */,
				7356C26F6D64436C88C5EE56 /* aes.h */,
				C0EDBD7E48A0422D81EB8531 /* aes_via_ace.h */,
				7DC9B439417B4A4A880E89B8 /* aesopt.h */,
				AD409D94043844259D48EAAE /* aestab.h */,
				A855A97C3CFF445DA0ABDE7A /* brg_endian.h */,
				0E0F85A58180439AB7D0A76D /* brg_types.h */,
				2E9381396DA54391B93A0EC9 /* entropy.h */,
				4DD26414FDF5488C98505DEB /* fileenc.h */,
				7501D63B6ED5417FBE4D9E6C /* hmac.h */,
				E44E5989A16C43F087430BD1 /* prng.h */,
				BB2079A79BB1487BBF64F939 /* pwd2key.h */,
				3D13B64E144947A99BF8EE18 /* sha1.h */,
				1D9126E3598F4AC08C0DAEF9 /* SSZipArchive.h */,
				3A89F68C1E4D41F9AECD87FC /* zip.h */,
				E730C9F145D64904973872B2 /* unzip.h */,
				A6B6F0CFEC324D9FA77D856A /* mztools.h */,
				D8DA0956CBA14EA49BEB0253 /* ioapi.h */,
				29A8E5D8F69C44E7BD55252D /* crypt.h */,
				F2EAE877ED974F8F90219D33 /* CDVNotification.m */,
				98E517BB0F004BA4A55655F2 /* CDVNotification.h */,
				9826657505AE495EB5340A40 /* CDVDevice.m */,
				34BEC4BC50904181B8886269 /* CDVDevice.h */,
				D54D02D986C14F5A8E746A4D /* CDVWKWebViewEngine+CodePush.m */,
				AD3288E031F449C8ABEFE58B /* CodePush.m */,
				149CDE54025943918429D5F4 /* CodePushPackageMetadata.m */,
				1FED282D4A524134A3DF7150 /* CodePushPackageManager.m */,
				D23675C7204F42C89A556F97 /* CodePushReportingManager.m */,
				32615A642B5243F491937344 /* InstallOptions.m */,
				306C8DE94D8448AC80932953 /* StatusReport.m */,
				D5EA472B0824410C8A147B59 /* UpdateHashUtils.m */,
				D8C9CD3F3CB24C03BDDFB8E2 /* Utilities.m */,
				DD7D3F98E89144689E5CA171 /* CodePush.h */,
				D28207405A794C28A57D27C9 /* CodePushPackageMetadata.h */,
				DCA804BB7C67427B818894AA /* CodePushPackageManager.h */,
				7B4D21EB67C04CBFA3B0148E /* CodePushReportingManager.h */,
				4CC64E1A117B4800872BBAE4 /* InstallOptions.h */,
				8F11336414A34B438A3BF65D /* InstallMode.h */,
				9686A6B3C670486D98E21589 /* StatusReport.h */,
				261936B86B234D5EB9A3E0DE /* UpdateHashUtils.h */,
				DA8E4AF6EE7E4587B31E0D2E /* Utilities.h */,
			);
			name = Plugins;
			path = "CodePushTest/Plugins";
			sourceTree = SOURCE_ROOT;
		};
		EB87FDF11871DA420020F90C /* Staging */ = {
			isa = PBXGroup;
			children = (
				F840E1F0165FE0F500CFE078 /* config.xml */,
				301BF56E109A69640062928A /* www */,
			);
			name = Staging;
			sourceTree = "<group>";
		};
/* End PBXGroup section */

/* Begin PBXNativeTarget section */
		1D6058900D05DD3D006BFB54 /* CodePushTest */ = {
			isa = PBXNativeTarget;
			buildConfigurationList = 1D6058960D05DD3E006BFB54 /* Build configuration list for PBXNativeTarget "CodePushTest" */;
			buildPhases = (
				304B58A110DAC018002A0835 /* Copy www directory */,
				1D60588D0D05DD3D006BFB54 /* Resources */,
				1D60588E0D05DD3D006BFB54 /* Sources */,
				1D60588F0D05DD3D006BFB54 /* Frameworks */,
			);
			buildRules = (
			);
			dependencies = (
				301BF551109A68C00062928A /* PBXTargetDependency */,
			);
			name = "CodePushTest";
			productName = "CodePushTest";
			productReference = 1D6058910D05DD3D006BFB54 /* CodePushTest.app */;
			productType = "com.apple.product-type.application";
		};
/* End PBXNativeTarget section */

/* Begin PBXProject section */
		29B97313FDCFA39411CA2CEA /* Project object */ = {
			isa = PBXProject;
			attributes = {
				LastUpgradeCheck = 510;
			};
			buildConfigurationList = C01FCF4E08A954540054247B /* Build configuration list for PBXProject "__NON-CLI__" */;
			compatibilityVersion = "Xcode 3.2";
			developmentRegion = English;
			hasScannedForEncodings = 1;
			mainGroup = 29B97314FDCFA39411CA2CEA /* CustomTemplate */;
			projectDirPath = "";
			projectReferences = (
				{
					ProductGroup = 301BF52E109A57CC0062928A /* Products */;
					ProjectRef = 301BF52D109A57CC0062928A /* CordovaLib.xcodeproj */;
				},
			);
			projectRoot = "";
			targets = (
				1D6058900D05DD3D006BFB54 /* CodePushTest */,
			);
		};
/* End PBXProject section */

/* Begin PBXReferenceProxy section */
		301BF535109A57CC0062928A /* libCordova.a */ = {
			isa = PBXReferenceProxy;
			fileType = archive.ar;
			path = libCordova.a;
			remoteRef = 301BF534109A57CC0062928A /* PBXContainerItemProxy */;
			sourceTree = BUILT_PRODUCTS_DIR;
		};
/* End PBXReferenceProxy section */

/* Begin PBXResourcesBuildPhase section */
		1D60588D0D05DD3D006BFB54 /* Resources */ = {
			isa = PBXResourcesBuildPhase;
			buildActionMask = 2147483647;
			files = (
				302D95F214D2391D003F00A1 /* MainViewController.xib in Resources */,
				3047A5131AB8059700498E2A /* build-release.xcconfig in Resources */,
				3047A5141AB8059700498E2A /* build.xcconfig in Resources */,
				0207DA581B56EA530066E2B4 /* Images.xcassets in Resources */,
				3047A5121AB8059700498E2A /* build-debug.xcconfig in Resources */,
				F19702AA7C2F48588CDF0E30 /* CDVNotification.bundle in Resources */,
			);
			runOnlyForDeploymentPostprocessing = 0;
		};
/* End PBXResourcesBuildPhase section */

/* Begin PBXShellScriptBuildPhase section */
		304B58A110DAC018002A0835 /* Copy www directory */ = {
			isa = PBXShellScriptBuildPhase;
			buildActionMask = 2147483647;
			files = (
			);
			inputPaths = (
			);
			name = "Copy www directory";
			outputPaths = (
			);
			runOnlyForDeploymentPostprocessing = 0;
			shellPath = /bin/sh;
			shellScript = "NODEJS_PATH=/usr/local/bin; NVM_NODE_PATH=~/.nvm/versions/node/`nvm version 2>/dev/null`/bin; N_NODE_PATH=`find /usr/local/n/versions/node/* -maxdepth 0 -type d 2>/dev/null | tail -1`/bin; XCODE_NODE_PATH=`xcode-select --print-path`/usr/share/xcs/Node/bin; PATH=$NODEJS_PATH:$NVM_NODE_PATH:$N_NODE_PATH:$XCODE_NODE_PATH:$PATH && node cordova/lib/copy-www-build-step.js";
			showEnvVarsInLog = 0;
		};
/* End PBXShellScriptBuildPhase section */

/* Begin PBXSourcesBuildPhase section */
		1D60588E0D05DD3D006BFB54 /* Sources */ = {
			isa = PBXSourcesBuildPhase;
			buildActionMask = 2147483647;
			files = (
				1D60589B0D05DD56006BFB54 /* main.m in Sources */,
				1D3623260D0F684500981E51 /* AppDelegate.m in Sources */,
				302D95F114D2391D003F00A1 /* MainViewController.m in Sources */,
				9A5C19B17AE24A1D8C2DD7A6 /* CDVFile.m in Sources */,
				CA089B16DD6D42739370F972 /* CDVLocalFilesystem.m in Sources */,
				4675649F314C480A9418349D /* CDVAssetLibraryFilesystem.m in Sources */,
				617AFCEEB0D74D4EA82842C9 /* CDVFileTransfer.m in Sources */,
				4F6834269BD6483F9983620C /* ZipPlugin.m in Sources */,
				4DA1DCA7AEC745DE907317C8 /* aescrypt.c in Resources */,
				054BB5A3611C4EF28BF6DDB6 /* aeskey.c in Resources */,
				A31171C86A7149BABC640FE9 /* aestab.c in Resources */,
				826A7069AB46405E881FC105 /* entropy.c in Resources */,
				27EA4FB108E349A5A164A0A9 /* fileenc.c in Resources */,
				6065BBC413034BDAACDEAACF /* hmac.c in Resources */,
				A8AB29C841DA4BC2AE11857F /* prng.c in Resources */,
				AEAA3955A2DA4766BDA1D8CD /* pwd2key.c in Resources */,
				966F6312D0864707A1691B02 /* sha1.c in Resources */,
				31FCC0D796364C6EA3C78E7B /* SSZipArchive.m in Sources */,
				9AEF7B1344AD4CF097547E8D /* zip.c in Resources */,
				F60C471912BD490B8B10324D /* unzip.c in Resources */,
				AB699F91574548F8B2D1ACB7 /* mztools.c in Resources */,
				52594C9B63B9475EBE628BF7 /* ioapi.c in Resources */,
				4BDA67B9F5C84443A033EAC9 /* CDVNotification.m in Sources */,
				E08C3EF213D94128A8DC5FCC /* CDVDevice.m in Sources */,
				6E36781AABE0408CA4CBAD07 /* CDVWKWebViewEngine+CodePush.m in Sources */,
				269736240AAA4B9BA915F922 /* CodePush.m in Sources */,
				14ECF2271D95463B95C92CFC /* CodePushPackageMetadata.m in Sources */,
				B9FBAD1C7E3446328402C3D8 /* CodePushPackageManager.m in Sources */,
				5AED01EEEA3747D3B74F5E33 /* CodePushReportingManager.m in Sources */,
				2062B3E988ED4EA4A567F07E /* InstallOptions.m in Sources */,
				3A9AF300ED104906A05065BF /* StatusReport.m in Sources */,
				86767AF3FE2F46F6B4CF7656 /* UpdateHashUtils.m in Sources */,
				3025E242426F45C396773A22 /* Utilities.m in Sources */,
			);
			runOnlyForDeploymentPostprocessing = 0;
		};
/* End PBXSourcesBuildPhase section */

/* Begin PBXTargetDependency section */
		301BF551109A68C00062928A /* PBXTargetDependency */ = {
			isa = PBXTargetDependency;
			name = CordovaLib;
			targetProxy = 301BF550109A68C00062928A /* PBXContainerItemProxy */;
		};
/* End PBXTargetDependency section */

/* Begin XCBuildConfiguration section */
		1D6058940D05DD3E006BFB54 /* Debug */ = {
			isa = XCBuildConfiguration;
			baseConfigurationReference = 3047A50F1AB8059700498E2A /* build-debug.xcconfig */;
			buildSettings = {
				ALWAYS_SEARCH_USER_PATHS = NO;
				ASSETCATALOG_COMPILER_APPICON_NAME = AppIcon;
				ASSETCATALOG_COMPILER_LAUNCHIMAGE_NAME = LaunchImage;
				CLANG_ENABLE_MODULES = YES;
				CLANG_ENABLE_OBJC_ARC = YES;
				COPY_PHASE_STRIP = NO;
				GCC_DYNAMIC_NO_PIC = NO;
				GCC_OPTIMIZATION_LEVEL = 0;
				GCC_PRECOMPILE_PREFIX_HEADER = YES;
				GCC_PREFIX_HEADER = "CodePushTest/CodePushTest-Prefix.pch";
				GCC_THUMB_SUPPORT = NO;
				GCC_VERSION = "";
				INFOPLIST_FILE = "CodePushTest/CodePushTest-Info.plist";
				LD_RUNPATH_SEARCH_PATHS = "@executable_path/Frameworks";
				PRODUCT_NAME = "CodePushTest";
			};
			name = Debug;
		};
		1D6058950D05DD3E006BFB54 /* Release */ = {
			isa = XCBuildConfiguration;
			baseConfigurationReference = 3047A5101AB8059700498E2A /* build-release.xcconfig */;
			buildSettings = {
				ALWAYS_SEARCH_USER_PATHS = NO;
				ASSETCATALOG_COMPILER_APPICON_NAME = AppIcon;
				ASSETCATALOG_COMPILER_LAUNCHIMAGE_NAME = LaunchImage;
				CLANG_ENABLE_MODULES = YES;
				CLANG_ENABLE_OBJC_ARC = YES;
				COPY_PHASE_STRIP = YES;
				GCC_PRECOMPILE_PREFIX_HEADER = YES;
				GCC_PREFIX_HEADER = "CodePushTest/CodePushTest-Prefix.pch";
				GCC_THUMB_SUPPORT = NO;
				GCC_VERSION = "";
				INFOPLIST_FILE = "CodePushTest/CodePushTest-Info.plist";
				PRODUCT_NAME = "CodePushTest";
			};
			name = Release;
		};
		C01FCF4F08A954540054247B /* Debug */ = {
			isa = XCBuildConfiguration;
			baseConfigurationReference = 3047A5111AB8059700498E2A /* build.xcconfig */;
			buildSettings = {
				CLANG_ENABLE_MODULES = YES;
				CLANG_ENABLE_OBJC_ARC = YES;
				CLANG_WARN_BOOL_CONVERSION = YES;
				CLANG_WARN_CONSTANT_CONVERSION = YES;
				CLANG_WARN_EMPTY_BODY = YES;
				CLANG_WARN_ENUM_CONVERSION = YES;
				CLANG_WARN_INT_CONVERSION = YES;
				CLANG_WARN__DUPLICATE_METHOD_MATCH = YES;
				GCC_C_LANGUAGE_STANDARD = c99;
				GCC_THUMB_SUPPORT = NO;
				GCC_VERSION = "";
				GCC_WARN_ABOUT_RETURN_TYPE = YES;
				GCC_WARN_UNDECLARED_SELECTOR = YES;
				GCC_WARN_UNINITIALIZED_AUTOS = YES;
				GCC_WARN_UNUSED_FUNCTION = YES;
				GCC_WARN_UNUSED_VARIABLE = YES;
				ONLY_ACTIVE_ARCH = YES;
				SDKROOT = iphoneos;
				SKIP_INSTALL = NO;
			};
			name = Debug;
		};
		C01FCF5008A954540054247B /* Release */ = {
			isa = XCBuildConfiguration;
			baseConfigurationReference = 3047A5111AB8059700498E2A /* build.xcconfig */;
			buildSettings = {
				CLANG_ENABLE_MODULES = YES;
				CLANG_ENABLE_OBJC_ARC = YES;
				CLANG_WARN_BOOL_CONVERSION = YES;
				CLANG_WARN_CONSTANT_CONVERSION = YES;
				CLANG_WARN_EMPTY_BODY = YES;
				CLANG_WARN_ENUM_CONVERSION = YES;
				CLANG_WARN_INT_CONVERSION = YES;
				CLANG_WARN__DUPLICATE_METHOD_MATCH = YES;
				GCC_C_LANGUAGE_STANDARD = c99;
				GCC_THUMB_SUPPORT = NO;
				GCC_VERSION = "";
				GCC_WARN_ABOUT_RETURN_TYPE = YES;
				GCC_WARN_UNDECLARED_SELECTOR = YES;
				GCC_WARN_UNINITIALIZED_AUTOS = YES;
				GCC_WARN_UNUSED_FUNCTION = YES;
				GCC_WARN_UNUSED_VARIABLE = YES;
				SDKROOT = iphoneos;
				SKIP_INSTALL = NO;
			};
			name = Release;
		};
/* End XCBuildConfiguration section */

/* Begin XCConfigurationList section */
		1D6058960D05DD3E006BFB54 /* Build configuration list for PBXNativeTarget "CodePushTest" */ = {
			isa = XCConfigurationList;
			buildConfigurations = (
				1D6058940D05DD3E006BFB54 /* Debug */,
				1D6058950D05DD3E006BFB54 /* Release */,
			);
			defaultConfigurationIsVisible = 0;
			defaultConfigurationName = Release;
		};
		C01FCF4E08A954540054247B /* Build configuration list for PBXProject "__NON-CLI__" */ = {
			isa = XCConfigurationList;
			buildConfigurations = (
				C01FCF4F08A954540054247B /* Debug */,
				C01FCF5008A954540054247B /* Release */,
			);
			defaultConfigurationIsVisible = 0;
			defaultConfigurationName = Release;
		};
/* End XCConfigurationList section */
	};
	rootObject = 29B97313FDCFA39411CA2CEA /* Project object */;
}
